// !$*UTF8*$!
{
	archiveVersion = 1;
	classes = {
	};
	objectVersion = 55;
	objects = {

/* Begin PBXBuildFile section */
		0A88398CD2356D9AB0094F11 /* Pods_FbEventTests.framework in Frameworks */ = {isa = PBXBuildFile; fileRef = EDD1C2A337A5A9FFAA34FF48 /* Pods_FbEventTests.framework */; };
		1D1E8161281A5C0D00317AAC /* AppDelegate.swift in Sources */ = {isa = PBXBuildFile; fileRef = 1D1E8160281A5C0D00317AAC /* AppDelegate.swift */; };
		1D1E8163281A5C0D00317AAC /* SceneDelegate.swift in Sources */ = {isa = PBXBuildFile; fileRef = 1D1E8162281A5C0D00317AAC /* SceneDelegate.swift */; };
		1D1E8165281A5C0D00317AAC /* ViewController.swift in Sources */ = {isa = PBXBuildFile; fileRef = 1D1E8164281A5C0D00317AAC /* ViewController.swift */; };
		1D1E8168281A5C0D00317AAC /* Main.storyboard in Resources */ = {isa = PBXBuildFile; fileRef = 1D1E8166281A5C0D00317AAC /* Main.storyboard */; };
		1D1E816A281A5C0E00317AAC /* Assets.xcassets in Resources */ = {isa = PBXBuildFile; fileRef = 1D1E8169281A5C0E00317AAC /* Assets.xcassets */; };
		1D1E816D281A5C0E00317AAC /* LaunchScreen.storyboard in Resources */ = {isa = PBXBuildFile; fileRef = 1D1E816B281A5C0E00317AAC /* LaunchScreen.storyboard */; };
		1D1E8178281A5C0E00317AAC /* FbEventTests.swift in Sources */ = {isa = PBXBuildFile; fileRef = 1D1E8177281A5C0E00317AAC /* FbEventTests.swift */; };
		1D1E8182281A5C0E00317AAC /* FbEventUITests.swift in Sources */ = {isa = PBXBuildFile; fileRef = 1D1E8181281A5C0E00317AAC /* FbEventUITests.swift */; };
		1D1E8184281A5C0E00317AAC /* FbEventUITestsLaunchTests.swift in Sources */ = {isa = PBXBuildFile; fileRef = 1D1E8183281A5C0E00317AAC /* FbEventUITestsLaunchTests.swift */; };
		326919067D260533643CD828 /* Pods_FbEvent_FbEventUITests.framework in Frameworks */ = {isa = PBXBuildFile; fileRef = 63BED26ACAD2FD7D5952A348 /* Pods_FbEvent_FbEventUITests.framework */; };
		9A1AA7BA8AD75FB7B85C8AF3 /* Pods_FbEvent.framework in Frameworks */ = {isa = PBXBuildFile; fileRef = FDF34ABEA40B9B8C0337F393 /* Pods_FbEvent.framework */; };
/* End PBXBuildFile section */

/* Begin PBXContainerItemProxy section */
		1D1E8174281A5C0E00317AAC /* PBXContainerItemProxy */ = {
			isa = PBXContainerItemProxy;
			containerPortal = 1D1E8155281A5C0D00317AAC /* Project object */;
			proxyType = 1;
			remoteGlobalIDString = 1D1E815C281A5C0D00317AAC;
			remoteInfo = FbEvent;
		};
		1D1E817E281A5C0E00317AAC /* PBXContainerItemProxy */ = {
			isa = PBXContainerItemProxy;
			containerPortal = 1D1E8155281A5C0D00317AAC /* Project object */;
			proxyType = 1;
			remoteGlobalIDString = 1D1E815C281A5C0D00317AAC;
			remoteInfo = FbEvent;
		};
/* End PBXContainerItemProxy section */

/* Begin PBXFileReference section */
		1D1E815D281A5C0D00317AAC /* FbEvent.app */ = {isa = PBXFileReference; explicitFileType = wrapper.application; includeInIndex = 0; path = FbEvent.app; sourceTree = BUILT_PRODUCTS_DIR; };
		1D1E8160281A5C0D00317AAC /* AppDelegate.swift */ = {isa = PBXFileReference; lastKnownFileType = sourcecode.swift; path = AppDelegate.swift; sourceTree = "<group>"; };
		1D1E8162281A5C0D00317AAC /* SceneDelegate.swift */ = {isa = PBXFileReference; lastKnownFileType = sourcecode.swift; path = SceneDelegate.swift; sourceTree = "<group>"; };
		1D1E8164281A5C0D00317AAC /* ViewController.swift */ = {isa = PBXFileReference; lastKnownFileType = sourcecode.swift; path = ViewController.swift; sourceTree = "<group>"; };
		1D1E8167281A5C0D00317AAC /* Base */ = {isa = PBXFileReference; lastKnownFileType = file.storyboard; name = Base; path = Base.lproj/Main.storyboard; sourceTree = "<group>"; };
		1D1E8169281A5C0E00317AAC /* Assets.xcassets */ = {isa = PBXFileReference; lastKnownFileType = folder.assetcatalog; path = Assets.xcassets; sourceTree = "<group>"; };
		1D1E816C281A5C0E00317AAC /* Base */ = {isa = PBXFileReference; lastKnownFileType = file.storyboard; name = Base; path = Base.lproj/LaunchScreen.storyboard; sourceTree = "<group>"; };
		1D1E816E281A5C0E00317AAC /* Info.plist */ = {isa = PBXFileReference; lastKnownFileType = text.plist.xml; path = Info.plist; sourceTree = "<group>"; };
		1D1E8173281A5C0E00317AAC /* FbEventTests.xctest */ = {isa = PBXFileReference; explicitFileType = wrapper.cfbundle; includeInIndex = 0; path = FbEventTests.xctest; sourceTree = BUILT_PRODUCTS_DIR; };
		1D1E8177281A5C0E00317AAC /* FbEventTests.swift */ = {isa = PBXFileReference; lastKnownFileType = sourcecode.swift; path = FbEventTests.swift; sourceTree = "<group>"; };
		1D1E817D281A5C0E00317AAC /* FbEventUITests.xctest */ = {isa = PBXFileReference; explicitFileType = wrapper.cfbundle; includeInIndex = 0; path = FbEventUITests.xctest; sourceTree = BUILT_PRODUCTS_DIR; };
		1D1E8181281A5C0E00317AAC /* FbEventUITests.swift */ = {isa = PBXFileReference; lastKnownFileType = sourcecode.swift; path = FbEventUITests.swift; sourceTree = "<group>"; };
		1D1E8183281A5C0E00317AAC /* FbEventUITestsLaunchTests.swift */ = {isa = PBXFileReference; lastKnownFileType = sourcecode.swift; path = FbEventUITestsLaunchTests.swift; sourceTree = "<group>"; };
		35FFBDF9E2DE487E5B6073F8 /* Pods-FbEventTests.debug.xcconfig */ = {isa = PBXFileReference; includeInIndex = 1; lastKnownFileType = text.xcconfig; name = "Pods-FbEventTests.debug.xcconfig"; path = "Target Support Files/Pods-FbEventTests/Pods-FbEventTests.debug.xcconfig"; sourceTree = "<group>"; };
		3CCC32CCDCF5C56706A57438 /* Pods-FbEvent.debug.xcconfig */ = {isa = PBXFileReference; includeInIndex = 1; lastKnownFileType = text.xcconfig; name = "Pods-FbEvent.debug.xcconfig"; path = "Target Support Files/Pods-FbEvent/Pods-FbEvent.debug.xcconfig"; sourceTree = "<group>"; };
		4AAB443BF0B8C26DF6BAEDC9 /* Pods-FbEvent-FbEventUITests.debug.xcconfig */ = {isa = PBXFileReference; includeInIndex = 1; lastKnownFileType = text.xcconfig; name = "Pods-FbEvent-FbEventUITests.debug.xcconfig"; path = "Target Support Files/Pods-FbEvent-FbEventUITests/Pods-FbEvent-FbEventUITests.debug.xcconfig"; sourceTree = "<group>"; };
		63BED26ACAD2FD7D5952A348 /* Pods_FbEvent_FbEventUITests.framework */ = {isa = PBXFileReference; explicitFileType = wrapper.framework; includeInIndex = 0; path = Pods_FbEvent_FbEventUITests.framework; sourceTree = BUILT_PRODUCTS_DIR; };
		A8E21CE4B77466D08D810428 /* Pods-FbEventTests.release.xcconfig */ = {isa = PBXFileReference; includeInIndex = 1; lastKnownFileType = text.xcconfig; name = "Pods-FbEventTests.release.xcconfig"; path = "Target Support Files/Pods-FbEventTests/Pods-FbEventTests.release.xcconfig"; sourceTree = "<group>"; };
		D8AC9984212DC8792F9BB906 /* Pods-FbEvent.release.xcconfig */ = {isa = PBXFileReference; includeInIndex = 1; lastKnownFileType = text.xcconfig; name = "Pods-FbEvent.release.xcconfig"; path = "Target Support Files/Pods-FbEvent/Pods-FbEvent.release.xcconfig"; sourceTree = "<group>"; };
		EDD1C2A337A5A9FFAA34FF48 /* Pods_FbEventTests.framework */ = {isa = PBXFileReference; explicitFileType = wrapper.framework; includeInIndex = 0; path = Pods_FbEventTests.framework; sourceTree = BUILT_PRODUCTS_DIR; };
		EEEA31FCD8A64022C0BB5A7B /* Pods-FbEvent-FbEventUITests.release.xcconfig */ = {isa = PBXFileReference; includeInIndex = 1; lastKnownFileType = text.xcconfig; name = "Pods-FbEvent-FbEventUITests.release.xcconfig"; path = "Target Support Files/Pods-FbEvent-FbEventUITests/Pods-FbEvent-FbEventUITests.release.xcconfig"; sourceTree = "<group>"; };
		FDF34ABEA40B9B8C0337F393 /* Pods_FbEvent.framework */ = {isa = PBXFileReference; explicitFileType = wrapper.framework; includeInIndex = 0; path = Pods_FbEvent.framework; sourceTree = BUILT_PRODUCTS_DIR; };
/* End PBXFileReference section */

/* Begin PBXFrameworksBuildPhase section */
		1D1E815A281A5C0D00317AAC /* Frameworks */ = {
			isa = PBXFrameworksBuildPhase;
			buildActionMask = 2147483647;
			files = (
				9A1AA7BA8AD75FB7B85C8AF3 /* Pods_FbEvent.framework in Frameworks */,
			);
			runOnlyForDeploymentPostprocessing = 0;
		};
		1D1E8170281A5C0E00317AAC /* Frameworks */ = {
			isa = PBXFrameworksBuildPhase;
			buildActionMask = 2147483647;
			files = (
				0A88398CD2356D9AB0094F11 /* Pods_FbEventTests.framework in Frameworks */,
			);
			runOnlyForDeploymentPostprocessing = 0;
		};
		1D1E817A281A5C0E00317AAC /* Frameworks */ = {
			isa = PBXFrameworksBuildPhase;
			buildActionMask = 2147483647;
			files = (
				326919067D260533643CD828 /* Pods_FbEvent_FbEventUITests.framework in Frameworks */,
			);
			runOnlyForDeploymentPostprocessing = 0;
		};
/* End PBXFrameworksBuildPhase section */

/* Begin PBXGroup section */
		0733C32EF2A893CDDE1DEBDC /* Frameworks */ = {
			isa = PBXGroup;
			children = (
				FDF34ABEA40B9B8C0337F393 /* Pods_FbEvent.framework */,
				63BED26ACAD2FD7D5952A348 /* Pods_FbEvent_FbEventUITests.framework */,
				EDD1C2A337A5A9FFAA34FF48 /* Pods_FbEventTests.framework */,
			);
			name = Frameworks;
			sourceTree = "<group>";
		};
		1D1E8154281A5C0D00317AAC = {
			isa = PBXGroup;
			children = (
				1D1E815F281A5C0D00317AAC /* FbEvent */,
				1D1E8176281A5C0E00317AAC /* FbEventTests */,
				1D1E8180281A5C0E00317AAC /* FbEventUITests */,
				1D1E815E281A5C0D00317AAC /* Products */,
				A645DD749D4B254DB644FAF2 /* Pods */,
				0733C32EF2A893CDDE1DEBDC /* Frameworks */,
			);
			sourceTree = "<group>";
		};
		1D1E815E281A5C0D00317AAC /* Products */ = {
			isa = PBXGroup;
			children = (
				1D1E815D281A5C0D00317AAC /* FbEvent.app */,
				1D1E8173281A5C0E00317AAC /* FbEventTests.xctest */,
				1D1E817D281A5C0E00317AAC /* FbEventUITests.xctest */,
			);
			name = Products;
			sourceTree = "<group>";
		};
		1D1E815F281A5C0D00317AAC /* FbEvent */ = {
			isa = PBXGroup;
			children = (
				1D1E8160281A5C0D00317AAC /* AppDelegate.swift */,
				1D1E8162281A5C0D00317AAC /* SceneDelegate.swift */,
				1D1E8164281A5C0D00317AAC /* ViewController.swift */,
				1D1E8166281A5C0D00317AAC /* Main.storyboard */,
				1D1E8169281A5C0E00317AAC /* Assets.xcassets */,
				1D1E816B281A5C0E00317AAC /* LaunchScreen.storyboard */,
				1D1E816E281A5C0E00317AAC /* Info.plist */,
			);
			path = FbEvent;
			sourceTree = "<group>";
		};
		1D1E8176281A5C0E00317AAC /* FbEventTests */ = {
			isa = PBXGroup;
			children = (
				1D1E8177281A5C0E00317AAC /* FbEventTests.swift */,
			);
			path = FbEventTests;
			sourceTree = "<group>";
		};
		1D1E8180281A5C0E00317AAC /* FbEventUITests */ = {
			isa = PBXGroup;
			children = (
				1D1E8181281A5C0E00317AAC /* FbEventUITests.swift */,
				1D1E8183281A5C0E00317AAC /* FbEventUITestsLaunchTests.swift */,
			);
			path = FbEventUITests;
			sourceTree = "<group>";
		};
		A645DD749D4B254DB644FAF2 /* Pods */ = {
			isa = PBXGroup;
			children = (
				3CCC32CCDCF5C56706A57438 /* Pods-FbEvent.debug.xcconfig */,
				D8AC9984212DC8792F9BB906 /* Pods-FbEvent.release.xcconfig */,
				4AAB443BF0B8C26DF6BAEDC9 /* Pods-FbEvent-FbEventUITests.debug.xcconfig */,
				EEEA31FCD8A64022C0BB5A7B /* Pods-FbEvent-FbEventUITests.release.xcconfig */,
				35FFBDF9E2DE487E5B6073F8 /* Pods-FbEventTests.debug.xcconfig */,
				A8E21CE4B77466D08D810428 /* Pods-FbEventTests.release.xcconfig */,
			);
			name = Pods;
			path = Pods;
			sourceTree = "<group>";
		};
/* End PBXGroup section */

/* Begin PBXNativeTarget section */
		1D1E815C281A5C0D00317AAC /* FbEvent */ = {
			isa = PBXNativeTarget;
			buildConfigurationList = 1D1E8187281A5C0E00317AAC /* Build configuration list for PBXNativeTarget "FbEvent" */;
			buildPhases = (
				75E9BFABF8E319C6D613EC22 /* [CP] Check Pods Manifest.lock */,
				1D1E8159281A5C0D00317AAC /* Sources */,
				1D1E815A281A5C0D00317AAC /* Frameworks */,
				1D1E815B281A5C0D00317AAC /* Resources */,
				A2C03D59A6215DDBD06382C2 /* [CP] Embed Pods Frameworks */,
			);
			buildRules = (
			);
			dependencies = (
			);
			name = FbEvent;
			productName = FbEvent;
			productReference = 1D1E815D281A5C0D00317AAC /* FbEvent.app */;
			productType = "com.apple.product-type.application";
		};
		1D1E8172281A5C0E00317AAC /* FbEventTests */ = {
			isa = PBXNativeTarget;
			buildConfigurationList = 1D1E818A281A5C0E00317AAC /* Build configuration list for PBXNativeTarget "FbEventTests" */;
			buildPhases = (
				1C0006A4CE36046CBEC4E977 /* [CP] Check Pods Manifest.lock */,
				1D1E816F281A5C0E00317AAC /* Sources */,
				1D1E8170281A5C0E00317AAC /* Frameworks */,
				1D1E8171281A5C0E00317AAC /* Resources */,
			);
			buildRules = (
			);
			dependencies = (
				1D1E8175281A5C0E00317AAC /* PBXTargetDependency */,
			);
			name = FbEventTests;
			productName = FbEventTests;
			productReference = 1D1E8173281A5C0E00317AAC /* FbEventTests.xctest */;
			productType = "com.apple.product-type.bundle.unit-test";
		};
		1D1E817C281A5C0E00317AAC /* FbEventUITests */ = {
			isa = PBXNativeTarget;
			buildConfigurationList = 1D1E818D281A5C0E00317AAC /* Build configuration list for PBXNativeTarget "FbEventUITests" */;
			buildPhases = (
				6DA1AB988FF5FB3F184A803A /* [CP] Check Pods Manifest.lock */,
				1D1E8179281A5C0E00317AAC /* Sources */,
				1D1E817A281A5C0E00317AAC /* Frameworks */,
				1D1E817B281A5C0E00317AAC /* Resources */,
				DA6910BD53EA0C16D5F92B6C /* [CP] Embed Pods Frameworks */,
			);
			buildRules = (
			);
			dependencies = (
				1D1E817F281A5C0E00317AAC /* PBXTargetDependency */,
			);
			name = FbEventUITests;
			productName = FbEventUITests;
			productReference = 1D1E817D281A5C0E00317AAC /* FbEventUITests.xctest */;
			productType = "com.apple.product-type.bundle.ui-testing";
		};
/* End PBXNativeTarget section */

/* Begin PBXProject section */
		1D1E8155281A5C0D00317AAC /* Project object */ = {
			isa = PBXProject;
			attributes = {
				BuildIndependentTargetsInParallel = 1;
				LastSwiftUpdateCheck = 1320;
				LastUpgradeCheck = 1320;
				TargetAttributes = {
					1D1E815C281A5C0D00317AAC = {
						CreatedOnToolsVersion = 13.2.1;
					};
					1D1E8172281A5C0E00317AAC = {
						CreatedOnToolsVersion = 13.2.1;
						TestTargetID = 1D1E815C281A5C0D00317AAC;
					};
					1D1E817C281A5C0E00317AAC = {
						CreatedOnToolsVersion = 13.2.1;
						TestTargetID = 1D1E815C281A5C0D00317AAC;
					};
				};
			};
			buildConfigurationList = 1D1E8158281A5C0D00317AAC /* Build configuration list for PBXProject "FbEvent" */;
			compatibilityVersion = "Xcode 13.0";
			developmentRegion = en;
			hasScannedForEncodings = 0;
			knownRegions = (
				en,
				Base,
			);
			mainGroup = 1D1E8154281A5C0D00317AAC;
			productRefGroup = 1D1E815E281A5C0D00317AAC /* Products */;
			projectDirPath = "";
			projectRoot = "";
			targets = (
				1D1E815C281A5C0D00317AAC /* FbEvent */,
				1D1E8172281A5C0E00317AAC /* FbEventTests */,
				1D1E817C281A5C0E00317AAC /* FbEventUITests */,
			);
		};
/* End PBXProject section */

/* Begin PBXResourcesBuildPhase section */
		1D1E815B281A5C0D00317AAC /* Resources */ = {
			isa = PBXResourcesBuildPhase;
			buildActionMask = 2147483647;
			files = (
				1D1E816D281A5C0E00317AAC /* LaunchScreen.storyboard in Resources */,
				1D1E816A281A5C0E00317AAC /* Assets.xcassets in Resources */,
				1D1E8168281A5C0D00317AAC /* Main.storyboard in Resources */,
			);
			runOnlyForDeploymentPostprocessing = 0;
		};
		1D1E8171281A5C0E00317AAC /* Resources */ = {
			isa = PBXResourcesBuildPhase;
			buildActionMask = 2147483647;
			files = (
			);
			runOnlyForDeploymentPostprocessing = 0;
		};
		1D1E817B281A5C0E00317AAC /* Resources */ = {
			isa = PBXResourcesBuildPhase;
			buildActionMask = 2147483647;
			files = (
			);
			runOnlyForDeploymentPostprocessing = 0;
		};
/* End PBXResourcesBuildPhase section */

/* Begin PBXShellScriptBuildPhase section */
		1C0006A4CE36046CBEC4E977 /* [CP] Check Pods Manifest.lock */ = {
			isa = PBXShellScriptBuildPhase;
			buildActionMask = 2147483647;
			files = (
			);
			inputFileListPaths = (
			);
			inputPaths = (
				"${PODS_PODFILE_DIR_PATH}/Podfile.lock",
				"${PODS_ROOT}/Manifest.lock",
			);
			name = "[CP] Check Pods Manifest.lock";
			outputFileListPaths = (
			);
			outputPaths = (
				"$(DERIVED_FILE_DIR)/Pods-FbEventTests-checkManifestLockResult.txt",
			);
			runOnlyForDeploymentPostprocessing = 0;
			shellPath = /bin/sh;
			shellScript = "diff \"${PODS_PODFILE_DIR_PATH}/Podfile.lock\" \"${PODS_ROOT}/Manifest.lock\" > /dev/null\nif [ $? != 0 ] ; then\n    # print error to STDERR\n    echo \"error: The sandbox is not in sync with the Podfile.lock. Run 'pod install' or update your CocoaPods installation.\" >&2\n    exit 1\nfi\n# This output is used by Xcode 'outputs' to avoid re-running this script phase.\necho \"SUCCESS\" > \"${SCRIPT_OUTPUT_FILE_0}\"\n";
			showEnvVarsInLog = 0;
		};
		6DA1AB988FF5FB3F184A803A /* [CP] Check Pods Manifest.lock */ = {
			isa = PBXShellScriptBuildPhase;
			buildActionMask = 2147483647;
			files = (
			);
			inputFileListPaths = (
			);
			inputPaths = (
				"${PODS_PODFILE_DIR_PATH}/Podfile.lock",
				"${PODS_ROOT}/Manifest.lock",
			);
			name = "[CP] Check Pods Manifest.lock";
			outputFileListPaths = (
			);
			outputPaths = (
				"$(DERIVED_FILE_DIR)/Pods-FbEvent-FbEventUITests-checkManifestLockResult.txt",
			);
			runOnlyForDeploymentPostprocessing = 0;
			shellPath = /bin/sh;
			shellScript = "diff \"${PODS_PODFILE_DIR_PATH}/Podfile.lock\" \"${PODS_ROOT}/Manifest.lock\" > /dev/null\nif [ $? != 0 ] ; then\n    # print error to STDERR\n    echo \"error: The sandbox is not in sync with the Podfile.lock. Run 'pod install' or update your CocoaPods installation.\" >&2\n    exit 1\nfi\n# This output is used by Xcode 'outputs' to avoid re-running this script phase.\necho \"SUCCESS\" > \"${SCRIPT_OUTPUT_FILE_0}\"\n";
			showEnvVarsInLog = 0;
		};
		75E9BFABF8E319C6D613EC22 /* [CP] Check Pods Manifest.lock */ = {
			isa = PBXShellScriptBuildPhase;
			buildActionMask = 2147483647;
			files = (
			);
			inputFileListPaths = (
			);
			inputPaths = (
				"${PODS_PODFILE_DIR_PATH}/Podfile.lock",
				"${PODS_ROOT}/Manifest.lock",
			);
			name = "[CP] Check Pods Manifest.lock";
			outputFileListPaths = (
			);
			outputPaths = (
				"$(DERIVED_FILE_DIR)/Pods-FbEvent-checkManifestLockResult.txt",
			);
			runOnlyForDeploymentPostprocessing = 0;
			shellPath = /bin/sh;
			shellScript = "diff \"${PODS_PODFILE_DIR_PATH}/Podfile.lock\" \"${PODS_ROOT}/Manifest.lock\" > /dev/null\nif [ $? != 0 ] ; then\n    # print error to STDERR\n    echo \"error: The sandbox is not in sync with the Podfile.lock. Run 'pod install' or update your CocoaPods installation.\" >&2\n    exit 1\nfi\n# This output is used by Xcode 'outputs' to avoid re-running this script phase.\necho \"SUCCESS\" > \"${SCRIPT_OUTPUT_FILE_0}\"\n";
			showEnvVarsInLog = 0;
		};
		A2C03D59A6215DDBD06382C2 /* [CP] Embed Pods Frameworks */ = {
			isa = PBXShellScriptBuildPhase;
			buildActionMask = 2147483647;
			files = (
			);
			inputFileListPaths = (
				"${PODS_ROOT}/Target Support Files/Pods-FbEvent/Pods-FbEvent-frameworks-${CONFIGURATION}-input-files.xcfilelist",
			);
			name = "[CP] Embed Pods Frameworks";
			outputFileListPaths = (
				"${PODS_ROOT}/Target Support Files/Pods-FbEvent/Pods-FbEvent-frameworks-${CONFIGURATION}-output-files.xcfilelist",
			);
			runOnlyForDeploymentPostprocessing = 0;
			shellPath = /bin/sh;
			shellScript = "\"${PODS_ROOT}/Target Support Files/Pods-FbEvent/Pods-FbEvent-frameworks.sh\"\n";
			showEnvVarsInLog = 0;
		};
		DA6910BD53EA0C16D5F92B6C /* [CP] Embed Pods Frameworks */ = {
			isa = PBXShellScriptBuildPhase;
			buildActionMask = 2147483647;
			files = (
			);
			inputFileListPaths = (
				"${PODS_ROOT}/Target Support Files/Pods-FbEvent-FbEventUITests/Pods-FbEvent-FbEventUITests-frameworks-${CONFIGURATION}-input-files.xcfilelist",
			);
			name = "[CP] Embed Pods Frameworks";
			outputFileListPaths = (
				"${PODS_ROOT}/Target Support Files/Pods-FbEvent-FbEventUITests/Pods-FbEvent-FbEventUITests-frameworks-${CONFIGURATION}-output-files.xcfilelist",
			);
			runOnlyForDeploymentPostprocessing = 0;
			shellPath = /bin/sh;
			shellScript = "\"${PODS_ROOT}/Target Support Files/Pods-FbEvent-FbEventUITests/Pods-FbEvent-FbEventUITests-frameworks.sh\"\n";
			showEnvVarsInLog = 0;
		};
/* End PBXShellScriptBuildPhase section */

/* Begin PBXSourcesBuildPhase section */
		1D1E8159281A5C0D00317AAC /* Sources */ = {
			isa = PBXSourcesBuildPhase;
			buildActionMask = 2147483647;
			files = (
				1D1E8165281A5C0D00317AAC /* ViewController.swift in Sources */,
				1D1E8161281A5C0D00317AAC /* AppDelegate.swift in Sources */,
				1D1E8163281A5C0D00317AAC /* SceneDelegate.swift in Sources */,
			);
			runOnlyForDeploymentPostprocessing = 0;
		};
		1D1E816F281A5C0E00317AAC /* Sources */ = {
			isa = PBXSourcesBuildPhase;
			buildActionMask = 2147483647;
			files = (
				1D1E8178281A5C0E00317AAC /* FbEventTests.swift in Sources */,
			);
			runOnlyForDeploymentPostprocessing = 0;
		};
		1D1E8179281A5C0E00317AAC /* Sources */ = {
			isa = PBXSourcesBuildPhase;
			buildActionMask = 2147483647;
			files = (
				1D1E8182281A5C0E00317AAC /* FbEventUITests.swift in Sources */,
				1D1E8184281A5C0E00317AAC /* FbEventUITestsLaunchTests.swift in Sources */,
			);
			runOnlyForDeploymentPostprocessing = 0;
		};
/* End PBXSourcesBuildPhase section */

/* Begin PBXTargetDependency section */
		1D1E8175281A5C0E00317AAC /* PBXTargetDependency */ = {
			isa = PBXTargetDependency;
			target = 1D1E815C281A5C0D00317AAC /* FbEvent */;
			targetProxy = 1D1E8174281A5C0E00317AAC /* PBXContainerItemProxy */;
		};
		1D1E817F281A5C0E00317AAC /* PBXTargetDependency */ = {
			isa = PBXTargetDependency;
			target = 1D1E815C281A5C0D00317AAC /* FbEvent */;
			targetProxy = 1D1E817E281A5C0E00317AAC /* PBXContainerItemProxy */;
		};
/* End PBXTargetDependency section */

/* Begin PBXVariantGroup section */
		1D1E8166281A5C0D00317AAC /* Main.storyboard */ = {
			isa = PBXVariantGroup;
			children = (
				1D1E8167281A5C0D00317AAC /* Base */,
			);
			name = Main.storyboard;
			sourceTree = "<group>";
		};
		1D1E816B281A5C0E00317AAC /* LaunchScreen.storyboard */ = {
			isa = PBXVariantGroup;
			children = (
				1D1E816C281A5C0E00317AAC /* Base */,
			);
			name = LaunchScreen.storyboard;
			sourceTree = "<group>";
		};
/* End PBXVariantGroup section */

/* Begin XCBuildConfiguration section */
		1D1E8185281A5C0E00317AAC /* Debug */ = {
			isa = XCBuildConfiguration;
			buildSettings = {
				ALWAYS_SEARCH_USER_PATHS = NO;
				CLANG_ANALYZER_NONNULL = YES;
				CLANG_ANALYZER_NUMBER_OBJECT_CONVERSION = YES_AGGRESSIVE;
				CLANG_CXX_LANGUAGE_STANDARD = "gnu++17";
				CLANG_CXX_LIBRARY = "libc++";
				CLANG_ENABLE_MODULES = YES;
				CLANG_ENABLE_OBJC_ARC = YES;
				CLANG_ENABLE_OBJC_WEAK = YES;
				CLANG_WARN_BLOCK_CAPTURE_AUTORELEASING = YES;
				CLANG_WARN_BOOL_CONVERSION = YES;
				CLANG_WARN_COMMA = YES;
				CLANG_WARN_CONSTANT_CONVERSION = YES;
				CLANG_WARN_DEPRECATED_OBJC_IMPLEMENTATIONS = YES;
				CLANG_WARN_DIRECT_OBJC_ISA_USAGE = YES_ERROR;
				CLANG_WARN_DOCUMENTATION_COMMENTS = YES;
				CLANG_WARN_EMPTY_BODY = YES;
				CLANG_WARN_ENUM_CONVERSION = YES;
				CLANG_WARN_INFINITE_RECURSION = YES;
				CLANG_WARN_INT_CONVERSION = YES;
				CLANG_WARN_NON_LITERAL_NULL_CONVERSION = YES;
				CLANG_WARN_OBJC_IMPLICIT_RETAIN_SELF = YES;
				CLANG_WARN_OBJC_LITERAL_CONVERSION = YES;
				CLANG_WARN_OBJC_ROOT_CLASS = YES_ERROR;
				CLANG_WARN_QUOTED_INCLUDE_IN_FRAMEWORK_HEADER = YES;
				CLANG_WARN_RANGE_LOOP_ANALYSIS = YES;
				CLANG_WARN_STRICT_PROTOTYPES = YES;
				CLANG_WARN_SUSPICIOUS_MOVE = YES;
				CLANG_WARN_UNGUARDED_AVAILABILITY = YES_AGGRESSIVE;
				CLANG_WARN_UNREACHABLE_CODE = YES;
				CLANG_WARN__DUPLICATE_METHOD_MATCH = YES;
				COPY_PHASE_STRIP = NO;
				DEBUG_INFORMATION_FORMAT = dwarf;
				ENABLE_STRICT_OBJC_MSGSEND = YES;
				ENABLE_TESTABILITY = YES;
				GCC_C_LANGUAGE_STANDARD = gnu11;
				GCC_DYNAMIC_NO_PIC = NO;
				GCC_NO_COMMON_BLOCKS = YES;
				GCC_OPTIMIZATION_LEVEL = 0;
				GCC_PREPROCESSOR_DEFINITIONS = (
					"DEBUG=1",
					"$(inherited)",
				);
				GCC_WARN_64_TO_32_BIT_CONVERSION = YES;
				GCC_WARN_ABOUT_RETURN_TYPE = YES_ERROR;
				GCC_WARN_UNDECLARED_SELECTOR = YES;
				GCC_WARN_UNINITIALIZED_AUTOS = YES_AGGRESSIVE;
				GCC_WARN_UNUSED_FUNCTION = YES;
				GCC_WARN_UNUSED_VARIABLE = YES;
				IPHONEOS_DEPLOYMENT_TARGET = 15.2;
				MTL_ENABLE_DEBUG_INFO = INCLUDE_SOURCE;
				MTL_FAST_MATH = YES;
				ONLY_ACTIVE_ARCH = YES;
				SDKROOT = iphoneos;
				SWIFT_ACTIVE_COMPILATION_CONDITIONS = DEBUG;
				SWIFT_OPTIMIZATION_LEVEL = "-Onone";
			};
			name = Debug;
		};
		1D1E8186281A5C0E00317AAC /* Release */ = {
			isa = XCBuildConfiguration;
			buildSettings = {
				ALWAYS_SEARCH_USER_PATHS = NO;
				CLANG_ANALYZER_NONNULL = YES;
				CLANG_ANALYZER_NUMBER_OBJECT_CONVERSION = YES_AGGRESSIVE;
				CLANG_CXX_LANGUAGE_STANDARD = "gnu++17";
				CLANG_CXX_LIBRARY = "libc++";
				CLANG_ENABLE_MODULES = YES;
				CLANG_ENABLE_OBJC_ARC = YES;
				CLANG_ENABLE_OBJC_WEAK = YES;
				CLANG_WARN_BLOCK_CAPTURE_AUTORELEASING = YES;
				CLANG_WARN_BOOL_CONVERSION = YES;
				CLANG_WARN_COMMA = YES;
				CLANG_WARN_CONSTANT_CONVERSION = YES;
				CLANG_WARN_DEPRECATED_OBJC_IMPLEMENTATIONS = YES;
				CLANG_WARN_DIRECT_OBJC_ISA_USAGE = YES_ERROR;
				CLANG_WARN_DOCUMENTATION_COMMENTS = YES;
				CLANG_WARN_EMPTY_BODY = YES;
				CLANG_WARN_ENUM_CONVERSION = YES;
				CLANG_WARN_INFINITE_RECURSION = YES;
				CLANG_WARN_INT_CONVERSION = YES;
				CLANG_WARN_NON_LITERAL_NULL_CONVERSION = YES;
				CLANG_WARN_OBJC_IMPLICIT_RETAIN_SELF = YES;
				CLANG_WARN_OBJC_LITERAL_CONVERSION = YES;
				CLANG_WARN_OBJC_ROOT_CLASS = YES_ERROR;
				CLANG_WARN_QUOTED_INCLUDE_IN_FRAMEWORK_HEADER = YES;
				CLANG_WARN_RANGE_LOOP_ANALYSIS = YES;
				CLANG_WARN_STRICT_PROTOTYPES = YES;
				CLANG_WARN_SUSPICIOUS_MOVE = YES;
				CLANG_WARN_UNGUARDED_AVAILABILITY = YES_AGGRESSIVE;
				CLANG_WARN_UNREACHABLE_CODE = YES;
				CLANG_WARN__DUPLICATE_METHOD_MATCH = YES;
				COPY_PHASE_STRIP = NO;
				DEBUG_INFORMATION_FORMAT = "dwarf-with-dsym";
				ENABLE_NS_ASSERTIONS = NO;
				ENABLE_STRICT_OBJC_MSGSEND = YES;
				GCC_C_LANGUAGE_STANDARD = gnu11;
				GCC_NO_COMMON_BLOCKS = YES;
				GCC_WARN_64_TO_32_BIT_CONVERSION = YES;
				GCC_WARN_ABOUT_RETURN_TYPE = YES_ERROR;
				GCC_WARN_UNDECLARED_SELECTOR = YES;
				GCC_WARN_UNINITIALIZED_AUTOS = YES_AGGRESSIVE;
				GCC_WARN_UNUSED_FUNCTION = YES;
				GCC_WARN_UNUSED_VARIABLE = YES;
				IPHONEOS_DEPLOYMENT_TARGET = 15.2;
				MTL_ENABLE_DEBUG_INFO = NO;
				MTL_FAST_MATH = YES;
				SDKROOT = iphoneos;
				SWIFT_COMPILATION_MODE = wholemodule;
				SWIFT_OPTIMIZATION_LEVEL = "-O";
				VALIDATE_PRODUCT = YES;
			};
			name = Release;
		};
		1D1E8188281A5C0E00317AAC /* Debug */ = {
			isa = XCBuildConfiguration;
			baseConfigurationReference = 3CCC32CCDCF5C56706A57438 /* Pods-FbEvent.debug.xcconfig */;
			buildSettings = {
				ASSETCATALOG_COMPILER_APPICON_NAME = AppIcon;
				ASSETCATALOG_COMPILER_GLOBAL_ACCENT_COLOR_NAME = AccentColor;
				CODE_SIGN_STYLE = Automatic;
				CURRENT_PROJECT_VERSION = 1;
				DEVELOPMENT_TEAM = C4MBQWDNR6;
				GENERATE_INFOPLIST_FILE = YES;
				INFOPLIST_FILE = FbEvent/Info.plist;
				INFOPLIST_KEY_UIApplicationSupportsIndirectInputEvents = YES;
				INFOPLIST_KEY_UILaunchStoryboardName = LaunchScreen;
				INFOPLIST_KEY_UIMainStoryboardFile = Main;
				INFOPLIST_KEY_UISupportedInterfaceOrientations_iPad = "UIInterfaceOrientationPortrait UIInterfaceOrientationPortraitUpsideDown UIInterfaceOrientationLandscapeLeft UIInterfaceOrientationLandscapeRight";
				INFOPLIST_KEY_UISupportedInterfaceOrientations_iPhone = "UIInterfaceOrientationPortrait UIInterfaceOrientationLandscapeLeft UIInterfaceOrientationLandscapeRight";
				LD_RUNPATH_SEARCH_PATHS = (
					"$(inherited)",
					"@executable_path/Frameworks",
				);
				MARKETING_VERSION = 1.0;
				PRODUCT_BUNDLE_IDENTIFIER = com.FbEvent.FbEvent;
				PRODUCT_NAME = "$(TARGET_NAME)";
				SWIFT_EMIT_LOC_STRINGS = YES;
				SWIFT_VERSION = 5.0;
				TARGETED_DEVICE_FAMILY = "1,2";
			};
			name = Debug;
		};
		1D1E8189281A5C0E00317AAC /* Release */ = {
			isa = XCBuildConfiguration;
			baseConfigurationReference = D8AC9984212DC8792F9BB906 /* Pods-FbEvent.release.xcconfig */;
			buildSettings = {
				ASSETCATALOG_COMPILER_APPICON_NAME = AppIcon;
				ASSETCATALOG_COMPILER_GLOBAL_ACCENT_COLOR_NAME = AccentColor;
				CODE_SIGN_STYLE = Automatic;
				CURRENT_PROJECT_VERSION = 1;
				DEVELOPMENT_TEAM = C4MBQWDNR6;
				GENERATE_INFOPLIST_FILE = YES;
				INFOPLIST_FILE = FbEvent/Info.plist;
				INFOPLIST_KEY_UIApplicationSupportsIndirectInputEvents = YES;
				INFOPLIST_KEY_UILaunchStoryboardName = LaunchScreen;
				INFOPLIST_KEY_UIMainStoryboardFile = Main;
				INFOPLIST_KEY_UISupportedInterfaceOrientations_iPad = "UIInterfaceOrientationPortrait UIInterfaceOrientationPortraitUpsideDown UIInterfaceOrientationLandscapeLeft UIInterfaceOrientationLandscapeRight";
				INFOPLIST_KEY_UISupportedInterfaceOrientations_iPhone = "UIInterfaceOrientationPortrait UIInterfaceOrientationLandscapeLeft UIInterfaceOrientationLandscapeRight";
				LD_RUNPATH_SEARCH_PATHS = (
					"$(inherited)",
					"@executable_path/Frameworks",
				);
				MARKETING_VERSION = 1.0;
				PRODUCT_BUNDLE_IDENTIFIER = com.FbEvent.FbEvent;
				PRODUCT_NAME = "$(TARGET_NAME)";
				SWIFT_EMIT_LOC_STRINGS = YES;
				SWIFT_VERSION = 5.0;
				TARGETED_DEVICE_FAMILY = "1,2";
			};
			name = Release;
		};
		1D1E818B281A5C0E00317AAC /* Debug */ = {
			isa = XCBuildConfiguration;
			baseConfigurationReference = 35FFBDF9E2DE487E5B6073F8 /* Pods-FbEventTests.debug.xcconfig */;
			buildSettings = {
				ALWAYS_EMBED_SWIFT_STANDARD_LIBRARIES = YES;
				BUNDLE_LOADER = "$(TEST_HOST)";
				CODE_SIGN_STYLE = Automatic;
				CURRENT_PROJECT_VERSION = 1;
				DEVELOPMENT_TEAM = C4MBQWDNR6;
				GENERATE_INFOPLIST_FILE = YES;
				IPHONEOS_DEPLOYMENT_TARGET = 15.2;
				MARKETING_VERSION = 1.0;
				PRODUCT_BUNDLE_IDENTIFIER = com.FbEvent.FbEventTests;
				PRODUCT_NAME = "$(TARGET_NAME)";
				SWIFT_EMIT_LOC_STRINGS = NO;
				SWIFT_VERSION = 5.0;
				TARGETED_DEVICE_FAMILY = "1,2";
				TEST_HOST = "$(BUILT_PRODUCTS_DIR)/FbEvent.app/FbEvent";
			};
			name = Debug;
		};
		1D1E818C281A5C0E00317AAC /* Release */ = {
			isa = XCBuildConfiguration;
			baseConfigurationReference = A8E21CE4B77466D08D810428 /* Pods-FbEventTests.release.xcconfig */;
			buildSettings = {
				ALWAYS_EMBED_SWIFT_STANDARD_LIBRARIES = YES;
				BUNDLE_LOADER = "$(TEST_HOST)";
				CODE_SIGN_STYLE = Automatic;
				CURRENT_PROJECT_VERSION = 1;
				DEVELOPMENT_TEAM = C4MBQWDNR6;
				GENERATE_INFOPLIST_FILE = YES;
				IPHONEOS_DEPLOYMENT_TARGET = 15.2;
				MARKETING_VERSION = 1.0;
				PRODUCT_BUNDLE_IDENTIFIER = com.FbEvent.FbEventTests;
				PRODUCT_NAME = "$(TARGET_NAME)";
				SWIFT_EMIT_LOC_STRINGS = NO;
				SWIFT_VERSION = 5.0;
				TARGETED_DEVICE_FAMILY = "1,2";
				TEST_HOST = "$(BUILT_PRODUCTS_DIR)/FbEvent.app/FbEvent";
			};
			name = Release;
		};
		1D1E818E281A5C0E00317AAC /* Debug */ = {
			isa = XCBuildConfiguration;
			baseConfigurationReference = 4AAB443BF0B8C26DF6BAEDC9 /* Pods-FbEvent-FbEventUITests.debug.xcconfig */;
			buildSettings = {
				ALWAYS_EMBED_SWIFT_STANDARD_LIBRARIES = YES;
				CODE_SIGN_STYLE = Automatic;
				CURRENT_PROJECT_VERSION = 1;
				DEVELOPMENT_TEAM = C4MBQWDNR6;
				GENERATE_INFOPLIST_FILE = YES;
				MARKETING_VERSION = 1.0;
				PRODUCT_BUNDLE_IDENTIFIER = com.FbEvent.FbEventUITests;
				PRODUCT_NAME = "$(TARGET_NAME)";
				SWIFT_EMIT_LOC_STRINGS = NO;
				SWIFT_VERSION = 5.0;
				TARGETED_DEVICE_FAMILY = "1,2";
				TEST_TARGET_NAME = FbEvent;
			};
			name = Debug;
		};
		1D1E818F281A5C0E00317AAC /* Release */ = {
			isa = XCBuildConfiguration;
			baseConfigurationReference = EEEA31FCD8A64022C0BB5A7B /* Pods-FbEvent-FbEventUITests.release.xcconfig */;
			buildSettings = {
				ALWAYS_EMBED_SWIFT_STANDARD_LIBRARIES = YES;
				CODE_SIGN_STYLE = Automatic;
				CURRENT_PROJECT_VERSION = 1;
				DEVELOPMENT_TEAM = C4MBQWDNR6;
				GENERATE_INFOPLIST_FILE = YES;
				MARKETING_VERSION = 1.0;
				PRODUCT_BUNDLE_IDENTIFIER = com.FbEvent.FbEventUITests;
				PRODUCT_NAME = "$(TARGET_NAME)";
				SWIFT_EMIT_LOC_STRINGS = NO;
				SWIFT_VERSION = 5.0;
				TARGETED_DEVICE_FAMILY = "1,2";
				TEST_TARGET_NAME = FbEvent;
			};
			name = Release;
		};
/* End XCBuildConfiguration section */

/* Begin XCConfigurationList section */
		1D1E8158281A5C0D00317AAC /* Build configuration list for PBXProject "FbEvent" */ = {
			isa = XCConfigurationList;
			buildConfigurations = (
				1D1E8185281A5C0E00317AAC /* Debug */,
				1D1E8186281A5C0E00317AAC /* Release */,
			);
			defaultConfigurationIsVisible = 0;
			defaultConfigurationName = Release;
		};
		1D1E8187281A5C0E00317AAC /* Build configuration list for PBXNativeTarget "FbEvent" */ = {
			isa = XCConfigurationList;
			buildConfigurations = (
				1D1E8188281A5C0E00317AAC /* Debug */,
				1D1E8189281A5C0E00317AAC /* Release */,
			);
			defaultConfigurationIsVisible = 0;
			defaultConfigurationName = Release;
		};
		1D1E818A281A5C0E00317AAC /* Build configuration list for PBXNativeTarget "FbEventTests" */ = {
			isa = XCConfigurationList;
			buildConfigurations = (
				1D1E818B281A5C0E00317AAC /* Debug */,
				1D1E818C281A5C0E00317AAC /* Release */,
			);
			defaultConfigurationIsVisible = 0;
			defaultConfigurationName = Release;
		};
		1D1E818D281A5C0E00317AAC /* Build configuration list for PBXNativeTarget "FbEventUITests" */ = {
			isa = XCConfigurationList;
			buildConfigurations = (
				1D1E818E281A5C0E00317AAC /* Debug */,
				1D1E818F281A5C0E00317AAC /* Release */,
			);
			defaultConfigurationIsVisible = 0;
			defaultConfigurationName = Release;
		};
/* End XCConfigurationList section */
	};
	rootObject = 1D1E8155281A5C0D00317AAC /* Project object */;
}
